
Microsoft Visual Studio Solution File, Format Version 12.00
# Visual Studio Version 17
VisualStudioVersion = 17.4.33205.214
MinimumVisualStudioVersion = 10.0.40219.1
Project("{2150E333-8FDC-42A3-9474-1A3956D46DE8}") = "1.Application", "1.Application", "{D9CE4E22-E669-4DC3-86EE-A3A8E4A3A0FE}"
EndProject
Project("{2150E333-8FDC-42A3-9474-1A3956D46DE8}") = "2.Domain", "2.Domain", "{5265707D-60A5-40C1-B2C6-2D050C5B85A5}"
EndProject
Project("{2150E333-8FDC-42A3-9474-1A3956D46DE8}") = "3.Library", "3.Library", "{C0B41B9E-ACDF-4312-99EF-B0D02F3334C4}"
EndProject
Project("{2150E333-8FDC-42A3-9474-1A3956D46DE8}") = "Tests", "Tests", "{02FC4DAC-C7F2-43AC-BA96-DED3735523D0}"
EndProject
Project("{2150E333-8FDC-42A3-9474-1A3956D46DE8}") = "Solution Items", "Solution Items", "{6C6FC589-D12F-4635-9878-9AD804AE961D}"
	ProjectSection(SolutionItems) = preProject
		..\.gitignore = ..\.gitignore
		..\LICENSE = ..\LICENSE
		..\README.md = ..\README.md
	EndProjectSection
EndProject
Project("{9A19103F-16F7-4668-BE54-9A1E7A4F7556}") = "Application.Manager.Api", "Application\Application.Manager.Api\Application.Manager.Api.csproj", "{85AAC1AA-DFF7-4EDE-BEEC-22EFA856616E}"
EndProject
Project("{9A19103F-16F7-4668-BE54-9A1E7A4F7556}") = "Library.Commons.Api", "Library\Library.Commons.Api\Library.Commons.Api.csproj", "{0460CAB5-599A-44AF-A93F-ED0377DD4094}"
EndProject
Project("{E53339B2-1760-4266-BCC7-CA923CBCF16C}") = "docker-compose", "docker-compose.dcproj", "{05E5B29B-35B5-45AD-8BB5-AFDF4584B308}"
EndProject
Project("{9A19103F-16F7-4668-BE54-9A1E7A4F7556}") = "Library.Commons.Game.Server", "Library\Library.Commons.Game.Server\Library.Commons.Game.Server.csproj", "{B0F1D4A0-222C-4A2A-8C61-0B0A380C07D5}"
EndProject
Project("{9A19103F-16F7-4668-BE54-9A1E7A4F7556}") = "Application.Game.Server", "Application\Application.Game.Server\Application.Game.Server.csproj", "{F5A89C5B-3B1C-4AF9-AAFD-9D603AD887C5}"
EndProject
Project("{9A19103F-16F7-4668-BE54-9A1E7A4F7556}") = "Library.Commons", "Library\Library.Commons\Library.Commons.csproj", "{00C8AABF-7AAE-4000-80D8-40FF6339E903}"
EndProject
Project("{9A19103F-16F7-4668-BE54-9A1E7A4F7556}") = "Library.Extensions.DependencyInjection", "Library\Library.Extensions.DependencyInjection\Library.Extensions.DependencyInjection.csproj", "{0C1CA229-7322-427A-9AB9-1EEBB7B6A82B}"
EndProject
Project("{54A90642-561A-4BB1-A94E-469ADEE60C69}") = "Application.Ui", "Application\Application.Ui\Application.Ui.esproj", "{F3CB61B6-C7CB-4150-B6B5-225A13D38338}"
EndProject
Project("{9A19103F-16F7-4668-BE54-9A1E7A4F7556}") = "Library.Commons.Game.Domain", "Library\Library.Commons.Game.Domain\Library.Commons.Game.Domain.csproj", "{1155EB47-FB14-41DF-9B6E-17ADAE1D1794}"
EndProject
Project("{9A19103F-16F7-4668-BE54-9A1E7A4F7556}") = "Domain.Game", "Domain\Domain.Game\Domain.Game.csproj", "{CBA90A3D-1469-446C-A470-451C1376E7D8}"
EndProject
Project("{54A90642-561A-4BB1-A94E-469ADEE60C69}") = "Application.Ui.Angular", "Application\Application.Ui.Angular\Application.Ui.Angular.esproj", "{EBCFDAC3-DA15-4AEE-9FBD-CF5D10417C45}"
EndProject
Project("{9A19103F-16F7-4668-BE54-9A1E7A4F7556}") = "Library.Commons.Eventbus.RabbitMq", "Library\Library.Commons.Eventbus.RabbitMq\Library.Commons.Eventbus.RabbitMq.csproj", "{7381275B-6411-4F40-BCA2-F212281E69DD}"
EndProject
Project("{2150E333-8FDC-42A3-9474-1A3956D46DE8}") = ".github", ".github", "{20E2E25E-32D1-4B4E-8DBA-8ED7F0B0D2C2}"
EndProject
Project("{2150E333-8FDC-42A3-9474-1A3956D46DE8}") = "workflows", "workflows", "{8A1A2C18-A1EF-4028-B977-345980E9CD44}"
	ProjectSection(SolutionItems) = preProject
		..\.github\workflows\docker-build-and-push-application-game-server.yml = ..\.github\workflows\docker-build-and-push-application-game-server.yml
		..\.github\workflows\docker-build-and-push-application-manager-api.yml = ..\.github\workflows\docker-build-and-push-application-manager-api.yml
		..\.github\workflows\docker-build-and-push-application-ui-angular.yml = ..\.github\workflows\docker-build-and-push-application-ui-angular.yml
	EndProjectSection
EndProject
Global
	GlobalSection(SolutionConfigurationPlatforms) = preSolution
		Debug|Any CPU = Debug|Any CPU
		Release|Any CPU = Release|Any CPU
	EndGlobalSection
	GlobalSection(ProjectConfigurationPlatforms) = postSolution
		{85AAC1AA-DFF7-4EDE-BEEC-22EFA856616E}.Debug|Any CPU.ActiveCfg = Debug|Any CPU
		{85AAC1AA-DFF7-4EDE-BEEC-22EFA856616E}.Debug|Any CPU.Build.0 = Debug|Any CPU
		{85AAC1AA-DFF7-4EDE-BEEC-22EFA856616E}.Release|Any CPU.ActiveCfg = Release|Any CPU
		{85AAC1AA-DFF7-4EDE-BEEC-22EFA856616E}.Release|Any CPU.Build.0 = Release|Any CPU
		{0460CAB5-599A-44AF-A93F-ED0377DD4094}.Debug|Any CPU.ActiveCfg = Debug|Any CPU
		{0460CAB5-599A-44AF-A93F-ED0377DD4094}.Debug|Any CPU.Build.0 = Debug|Any CPU
		{0460CAB5-599A-44AF-A93F-ED0377DD4094}.Release|Any CPU.ActiveCfg = Release|Any CPU
		{0460CAB5-599A-44AF-A93F-ED0377DD4094}.Release|Any CPU.Build.0 = Release|Any CPU
		{05E5B29B-35B5-45AD-8BB5-AFDF4584B308}.Debug|Any CPU.ActiveCfg = Debug|Any CPU
		{05E5B29B-35B5-45AD-8BB5-AFDF4584B308}.Debug|Any CPU.Build.0 = Debug|Any CPU
		{05E5B29B-35B5-45AD-8BB5-AFDF4584B308}.Release|Any CPU.ActiveCfg = Release|Any CPU
		{05E5B29B-35B5-45AD-8BB5-AFDF4584B308}.Release|Any CPU.Build.0 = Release|Any CPU
		{B0F1D4A0-222C-4A2A-8C61-0B0A380C07D5}.Debug|Any CPU.ActiveCfg = Debug|Any CPU
		{B0F1D4A0-222C-4A2A-8C61-0B0A380C07D5}.Debug|Any CPU.Build.0 = Debug|Any CPU
		{B0F1D4A0-222C-4A2A-8C61-0B0A380C07D5}.Release|Any CPU.ActiveCfg = Release|Any CPU
		{B0F1D4A0-222C-4A2A-8C61-0B0A380C07D5}.Release|Any CPU.Build.0 = Release|Any CPU
		{F5A89C5B-3B1C-4AF9-AAFD-9D603AD887C5}.Debug|Any CPU.ActiveCfg = Debug|Any CPU
		{F5A89C5B-3B1C-4AF9-AAFD-9D603AD887C5}.Debug|Any CPU.Build.0 = Debug|Any CPU
		{F5A89C5B-3B1C-4AF9-AAFD-9D603AD887C5}.Release|Any CPU.ActiveCfg = Release|Any CPU
		{F5A89C5B-3B1C-4AF9-AAFD-9D603AD887C5}.Release|Any CPU.Build.0 = Release|Any CPU
		{00C8AABF-7AAE-4000-80D8-40FF6339E903}.Debug|Any CPU.ActiveCfg = Debug|Any CPU
		{00C8AABF-7AAE-4000-80D8-40FF6339E903}.Debug|Any CPU.Build.0 = Debug|Any CPU
		{00C8AABF-7AAE-4000-80D8-40FF6339E903}.Release|Any CPU.ActiveCfg = Release|Any CPU
		{00C8AABF-7AAE-4000-80D8-40FF6339E903}.Release|Any CPU.Build.0 = Release|Any CPU
		{0C1CA229-7322-427A-9AB9-1EEBB7B6A82B}.Debug|Any CPU.ActiveCfg = Debug|Any CPU
		{0C1CA229-7322-427A-9AB9-1EEBB7B6A82B}.Debug|Any CPU.Build.0 = Debug|Any CPU
		{0C1CA229-7322-427A-9AB9-1EEBB7B6A82B}.Release|Any CPU.ActiveCfg = Release|Any CPU
		{0C1CA229-7322-427A-9AB9-1EEBB7B6A82B}.Release|Any CPU.Build.0 = Release|Any CPU
		{F3CB61B6-C7CB-4150-B6B5-225A13D38338}.Debug|Any CPU.ActiveCfg = Debug|Any CPU
		{F3CB61B6-C7CB-4150-B6B5-225A13D38338}.Debug|Any CPU.Build.0 = Debug|Any CPU
		{F3CB61B6-C7CB-4150-B6B5-225A13D38338}.Debug|Any CPU.Deploy.0 = Debug|Any CPU
		{F3CB61B6-C7CB-4150-B6B5-225A13D38338}.Release|Any CPU.ActiveCfg = Release|Any CPU
		{F3CB61B6-C7CB-4150-B6B5-225A13D38338}.Release|Any CPU.Build.0 = Release|Any CPU
		{F3CB61B6-C7CB-4150-B6B5-225A13D38338}.Release|Any CPU.Deploy.0 = Release|Any CPU
		{1155EB47-FB14-41DF-9B6E-17ADAE1D1794}.Debug|Any CPU.ActiveCfg = Debug|Any CPU
		{1155EB47-FB14-41DF-9B6E-17ADAE1D1794}.Debug|Any CPU.Build.0 = Debug|Any CPU
		{1155EB47-FB14-41DF-9B6E-17ADAE1D1794}.Release|Any CPU.ActiveCfg = Release|Any CPU
		{1155EB47-FB14-41DF-9B6E-17ADAE1D1794}.Release|Any CPU.Build.0 = Release|Any CPU
		{CBA90A3D-1469-446C-A470-451C1376E7D8}.Debug|Any CPU.ActiveCfg = Debug|Any CPU
		{CBA90A3D-1469-446C-A470-451C1376E7D8}.Debug|Any CPU.Build.0 = Debug|Any CPU
		{CBA90A3D-1469-446C-A470-451C1376E7D8}.Release|Any CPU.ActiveCfg = Release|Any CPU
		{CBA90A3D-1469-446C-A470-451C1376E7D8}.Release|Any CPU.Build.0 = Release|Any CPU
		{EBCFDAC3-DA15-4AEE-9FBD-CF5D10417C45}.Debug|Any CPU.ActiveCfg = Debug|Any CPU
		{EBCFDAC3-DA15-4AEE-9FBD-CF5D10417C45}.Debug|Any CPU.Build.0 = Debug|Any CPU
		{EBCFDAC3-DA15-4AEE-9FBD-CF5D10417C45}.Debug|Any CPU.Deploy.0 = Debug|Any CPU
		{EBCFDAC3-DA15-4AEE-9FBD-CF5D10417C45}.Release|Any CPU.ActiveCfg = Release|Any CPU
		{EBCFDAC3-DA15-4AEE-9FBD-CF5D10417C45}.Release|Any CPU.Build.0 = Release|Any CPU
		{EBCFDAC3-DA15-4AEE-9FBD-CF5D10417C45}.Release|Any CPU.Deploy.0 = Release|Any CPU
		{7381275B-6411-4F40-BCA2-F212281E69DD}.Debug|Any CPU.ActiveCfg = Debug|Any CPU
		{7381275B-6411-4F40-BCA2-F212281E69DD}.Debug|Any CPU.Build.0 = Debug|Any CPU
		{7381275B-6411-4F40-BCA2-F212281E69DD}.Release|Any CPU.ActiveCfg = Release|Any CPU
		{7381275B-6411-4F40-BCA2-F212281E69DD}.Release|Any CPU.Build.0 = Release|Any CPU
	EndGlobalSection
	GlobalSection(SolutionProperties) = preSolution
		HideSolutionNode = FALSE
	EndGlobalSection
	GlobalSection(NestedProjects) = preSolution
		{85AAC1AA-DFF7-4EDE-BEEC-22EFA856616E} = {D9CE4E22-E669-4DC3-86EE-A3A8E4A3A0FE}
		{0460CAB5-599A-44AF-A93F-ED0377DD4094} = {C0B41B9E-ACDF-4312-99EF-B0D02F3334C4}
		{B0F1D4A0-222C-4A2A-8C61-0B0A380C07D5} = {C0B41B9E-ACDF-4312-99EF-B0D02F3334C4}
		{F5A89C5B-3B1C-4AF9-AAFD-9D603AD887C5} = {D9CE4E22-E669-4DC3-86EE-A3A8E4A3A0FE}
		{00C8AABF-7AAE-4000-80D8-40FF6339E903} = {C0B41B9E-ACDF-4312-99EF-B0D02F3334C4}
		{0C1CA229-7322-427A-9AB9-1EEBB7B6A82B} = {C0B41B9E-ACDF-4312-99EF-B0D02F3334C4}
		{F3CB61B6-C7CB-4150-B6B5-225A13D38338} = {D9CE4E22-E669-4DC3-86EE-A3A8E4A3A0FE}
		{1155EB47-FB14-41DF-9B6E-17ADAE1D1794} = {C0B41B9E-ACDF-4312-99EF-B0D02F3334C4}
		{CBA90A3D-1469-446C-A470-451C1376E7D8} = {5265707D-60A5-40C1-B2C6-2D050C5B85A5}
		{EBCFDAC3-DA15-4AEE-9FBD-CF5D10417C45} = {D9CE4E22-E669-4DC3-86EE-A3A8E4A3A0FE}
		{7381275B-6411-4F40-BCA2-F212281E69DD} = {C0B41B9E-ACDF-4312-99EF-B0D02F3334C4}
		{20E2E25E-32D1-4B4E-8DBA-8ED7F0B0D2C2} = {6C6FC589-D12F-4635-9878-9AD804AE961D}
		{8A1A2C18-A1EF-4028-B977-345980E9CD44} = {20E2E25E-32D1-4B4E-8DBA-8ED7F0B0D2C2}
	EndGlobalSection
	GlobalSection(ExtensibilityGlobals) = postSolution
		SolutionGuid = {C91FD109-B199-4EE6-A70C-60CBFB5656EA}
	EndGlobalSection
EndGlobal
